// !$*UTF8*$!
{
	archiveVersion = 1;
	classes = {
	};
	objectVersion = 46;
	objects = {

/* Begin PBXBuildFile section */
		E7034B8B17B119F800DD8F43 /* UPCTableViewController.m in Sources */ = {isa = PBXBuildFile; fileRef = E7034B8A17B119F800DD8F43 /* UPCTableViewController.m */; };
		E716423D1799798600D71EA8 /* Cocoa.framework in Frameworks */ = {isa = PBXBuildFile; fileRef = E716423C1799798600D71EA8 /* Cocoa.framework */; };
		E71642471799798600D71EA8 /* InfoPlist.strings in Resources */ = {isa = PBXBuildFile; fileRef = E71642451799798600D71EA8 /* InfoPlist.strings */; };
		E71642491799798600D71EA8 /* main.m in Sources */ = {isa = PBXBuildFile; fileRef = E71642481799798600D71EA8 /* main.m */; };
		E716424D1799798600D71EA8 /* Credits.rtf in Resources */ = {isa = PBXBuildFile; fileRef = E716424B1799798600D71EA8 /* Credits.rtf */; };
		E71642501799798600D71EA8 /* UPCAppDelegate.m in Sources */ = {isa = PBXBuildFile; fileRef = E716424F1799798600D71EA8 /* UPCAppDelegate.m */; };
		E71642531799798600D71EA8 /* MainMenu.xib in Resources */ = {isa = PBXBuildFile; fileRef = E71642511799798600D71EA8 /* MainMenu.xib */; };
		E71642561799798600D71EA8 /* Uptime_CounterOSX.xcdatamodeld in Sources */ = {isa = PBXBuildFile; fileRef = E71642541799798600D71EA8 /* Uptime_CounterOSX.xcdatamodeld */; };
		E777A2F517A2ECCA00B24EA4 /* UPCCounter.m in Sources */ = {isa = PBXBuildFile; fileRef = E777A2F417A2ECCA00B24EA4 /* UPCCounter.m */; };
/* End PBXBuildFile section */

/* Begin PBXFileReference section */
		E7034B8917B119F800DD8F43 /* UPCTableViewController.h */ = {isa = PBXFileReference; fileEncoding = 4; lastKnownFileType = sourcecode.c.h; path = UPCTableViewController.h; sourceTree = "<group>"; };
		E7034B8A17B119F800DD8F43 /* UPCTableViewController.m */ = {isa = PBXFileReference; fileEncoding = 4; lastKnownFileType = sourcecode.c.objc; path = UPCTableViewController.m; sourceTree = "<group>"; };
		E71642391799798600D71EA8 /* Uptime_CounterOSX.app */ = {isa = PBXFileReference; explicitFileType = wrapper.application; includeInIndex = 0; path = Uptime_CounterOSX.app; sourceTree = BUILT_PRODUCTS_DIR; };
		E716423C1799798600D71EA8 /* Cocoa.framework */ = {isa = PBXFileReference; lastKnownFileType = wrapper.framework; name = Cocoa.framework; path = System/Library/Frameworks/Cocoa.framework; sourceTree = SDKROOT; };
		E716423F1799798600D71EA8 /* AppKit.framework */ = {isa = PBXFileReference; lastKnownFileType = wrapper.framework; name = AppKit.framework; path = System/Library/Frameworks/AppKit.framework; sourceTree = SDKROOT; };
		E71642401799798600D71EA8 /* CoreData.framework */ = {isa = PBXFileReference; lastKnownFileType = wrapper.framework; name = CoreData.framework; path = System/Library/Frameworks/CoreData.framework; sourceTree = SDKROOT; };
		E71642411799798600D71EA8 /* Foundation.framework */ = {isa = PBXFileReference; lastKnownFileType = wrapper.framework; name = Foundation.framework; path = System/Library/Frameworks/Foundation.framework; sourceTree = SDKROOT; };
		E71642461799798600D71EA8 /* en */ = {isa = PBXFileReference; lastKnownFileType = text.plist.strings; name = en; path = en.lproj/InfoPlist.strings; sourceTree = "<group>"; };
		E71642481799798600D71EA8 /* main.m */ = {isa = PBXFileReference; lastKnownFileType = sourcecode.c.objc; path = main.m; sourceTree = "<group>"; };
		E716424A1799798600D71EA8 /* Uptime_CounterOSX-Prefix.pch */ = {isa = PBXFileReference; lastKnownFileType = sourcecode.c.h; path = "Uptime_CounterOSX-Prefix.pch"; sourceTree = "<group>"; };
		E716424C1799798600D71EA8 /* en */ = {isa = PBXFileReference; lastKnownFileType = text.rtf; name = en; path = en.lproj/Credits.rtf; sourceTree = "<group>"; };
		E716424E1799798600D71EA8 /* UPCAppDelegate.h */ = {isa = PBXFileReference; lastKnownFileType = sourcecode.c.h; path = UPCAppDelegate.h; sourceTree = "<group>"; };
		E716424F1799798600D71EA8 /* UPCAppDelegate.m */ = {isa = PBXFileReference; lastKnownFileType = sourcecode.c.objc; path = UPCAppDelegate.m; sourceTree = "<group>"; };
		E71642521799798600D71EA8 /* en */ = {isa = PBXFileReference; lastKnownFileType = file.xib; name = en; path = en.lproj/MainMenu.xib; sourceTree = "<group>"; };
		E71642551799798600D71EA8 /* Uptime_CounterOSX.xcdatamodel */ = {isa = PBXFileReference; lastKnownFileType = wrapper.xcdatamodel; path = Uptime_CounterOSX.xcdatamodel; sourceTree = "<group>"; };
		E777A2F317A2ECCA00B24EA4 /* UPCCounter.h */ = {isa = PBXFileReference; fileEncoding = 4; lastKnownFileType = sourcecode.c.h; path = UPCCounter.h; sourceTree = "<group>"; };
		E777A2F417A2ECCA00B24EA4 /* UPCCounter.m */ = {isa = PBXFileReference; fileEncoding = 4; lastKnownFileType = sourcecode.c.objc; path = UPCCounter.m; sourceTree = "<group>"; };
/* End PBXFileReference section */

/* Begin PBXFrameworksBuildPhase section */
		E71642361799798600D71EA8 /* Frameworks */ = {
			isa = PBXFrameworksBuildPhase;
			buildActionMask = 2147483647;
			files = (
				E716423D1799798600D71EA8 /* Cocoa.framework in Frameworks */,
			);
			runOnlyForDeploymentPostprocessing = 0;
		};
/* End PBXFrameworksBuildPhase section */

/* Begin PBXGroup section */
		E71642301799798600D71EA8 = {
			isa = PBXGroup;
			children = (
				E71642421799798600D71EA8 /* Uptime_CounterOSX */,
				E716423B1799798600D71EA8 /* Frameworks */,
				E716423A1799798600D71EA8 /* Products */,
			);
			sourceTree = "<group>";
		};
		E716423A1799798600D71EA8 /* Products */ = {
			isa = PBXGroup;
			children = (
				E71642391799798600D71EA8 /* Uptime_CounterOSX.app */,
			);
			name = Products;
			sourceTree = "<group>";
		};
		E716423B1799798600D71EA8 /* Frameworks */ = {
			isa = PBXGroup;
			children = (
				E716423C1799798600D71EA8 /* Cocoa.framework */,
				E716423E1799798600D71EA8 /* Other Frameworks */,
			);
			name = Frameworks;
			sourceTree = "<group>";
		};
		E716423E1799798600D71EA8 /* Other Frameworks */ = {
			isa = PBXGroup;
			children = (
				E716423F1799798600D71EA8 /* AppKit.framework */,
				E71642401799798600D71EA8 /* CoreData.framework */,
				E71642411799798600D71EA8 /* Foundation.framework */,
			);
			name = "Other Frameworks";
			sourceTree = "<group>";
		};
		E71642421799798600D71EA8 /* Uptime_CounterOSX */ = {
			isa = PBXGroup;
			children = (
				E716424E1799798600D71EA8 /* UPCAppDelegate.h */,
				E716424F1799798600D71EA8 /* UPCAppDelegate.m */,
				E71642511799798600D71EA8 /* MainMenu.xib */,
				E71642541799798600D71EA8 /* Uptime_CounterOSX.xcdatamodeld */,
				E71642431799798600D71EA8 /* Supporting Files */,
				E777A2F317A2ECCA00B24EA4 /* UPCCounter.h */,
				E777A2F417A2ECCA00B24EA4 /* UPCCounter.m */,
				E7034B8917B119F800DD8F43 /* UPCTableViewController.h */,
				E7034B8A17B119F800DD8F43 /* UPCTableViewController.m */,
			);
			path = Uptime_CounterOSX;
			sourceTree = "<group>";
		};
		E71642431799798600D71EA8 /* Supporting Files */ = {
			isa = PBXGroup;
			children = (
				E71642451799798600D71EA8 /* InfoPlist.strings */,
				E71642481799798600D71EA8 /* main.m */,
				E716424A1799798600D71EA8 /* Uptime_CounterOSX-Prefix.pch */,
				E716424B1799798600D71EA8 /* Credits.rtf */,
			);
			name = "Supporting Files";
			sourceTree = "<group>";
		};
/* End PBXGroup section */

/* Begin PBXNativeTarget section */
		E71642381799798600D71EA8 /* Uptime_CounterOSX */ = {
			isa = PBXNativeTarget;
			buildConfigurationList = E71642591799798600D71EA8 /* Build configuration list for PBXNativeTarget "Uptime_CounterOSX" */;
			buildPhases = (
				E71642351799798600D71EA8 /* Sources */,
				E71642361799798600D71EA8 /* Frameworks */,
				E71642371799798600D71EA8 /* Resources */,
			);
			buildRules = (
			);
			dependencies = (
			);
			name = Uptime_CounterOSX;
			productName = Uptime_CounterOSX;
			productReference = E71642391799798600D71EA8 /* Uptime_CounterOSX.app */;
			productType = "com.apple.product-type.application";
		};
/* End PBXNativeTarget section */

/* Begin PBXProject section */
		E71642311799798600D71EA8 /* Project object */ = {
			isa = PBXProject;
			attributes = {
				CLASSPREFIX = UPC;
				LastUpgradeCheck = 0460;
				ORGANIZATIONNAME = "Alan Matuszczak";
			};
			buildConfigurationList = E71642341799798600D71EA8 /* Build configuration list for PBXProject "Uptime_CounterOSX" */;
			compatibilityVersion = "Xcode 3.2";
			developmentRegion = English;
			hasScannedForEncodings = 0;
			knownRegions = (
				en,
			);
			mainGroup = E71642301799798600D71EA8;
			productRefGroup = E716423A1799798600D71EA8 /* Products */;
			projectDirPath = "";
			projectRoot = "";
			targets = (
				E71642381799798600D71EA8 /* Uptime_CounterOSX */,
			);
		};
/* End PBXProject section */

/* Begin PBXResourcesBuildPhase section */
		E71642371799798600D71EA8 /* Resources */ = {
			isa = PBXResourcesBuildPhase;
			buildActionMask = 2147483647;
			files = (
				E71642471799798600D71EA8 /* InfoPlist.strings in Resources */,
				E716424D1799798600D71EA8 /* Credits.rtf in Resources */,
				E71642531799798600D71EA8 /* MainMenu.xib in Resources */,
			);
			runOnlyForDeploymentPostprocessing = 0;
		};
/* End PBXResourcesBuildPhase section */

/* Begin PBXSourcesBuildPhase section */
		E71642351799798600D71EA8 /* Sources */ = {
			isa = PBXSourcesBuildPhase;
			buildActionMask = 2147483647;
			files = (
				E71642491799798600D71EA8 /* main.m in Sources */,
				E71642501799798600D71EA8 /* UPCAppDelegate.m in Sources */,
				E71642561799798600D71EA8 /* Uptime_CounterOSX.xcdatamodeld in Sources */,
				E777A2F517A2ECCA00B24EA4 /* UPCCounter.m in Sources */,
				E7034B8B17B119F800DD8F43 /* UPCTableViewController.m in Sources */,
			);
			runOnlyForDeploymentPostprocessing = 0;
		};
/* End PBXSourcesBuildPhase section */

/* Begin PBXVariantGroup section */
		E71642451799798600D71EA8 /* InfoPlist.strings */ = {
			isa = PBXVariantGroup;
			children = (
				E71642461799798600D71EA8 /* en */,
			);
			name = InfoPlist.strings;
			sourceTree = "<group>";
		};
		E716424B1799798600D71EA8 /* Credits.rtf */ = {
			isa = PBXVariantGroup;
			children = (
				E716424C1799798600D71EA8 /* en */,
			);
			name = Credits.rtf;
			sourceTree = "<group>";
		};
		E71642511799798600D71EA8 /* MainMenu.xib */ = {
			isa = PBXVariantGroup;
			children = (
				E71642521799798600D71EA8 /* en */,
			);
			name = MainMenu.xib;
			sourceTree = "<group>";
		};
/* End PBXVariantGroup section */

/* Begin XCBuildConfiguration section */
		E71642571799798600D71EA8 /* Debug */ = {
			isa = XCBuildConfiguration;
			buildSettings = {
				ALWAYS_SEARCH_USER_PATHS = NO;
				ARCHS = "$(ARCHS_STANDARD_64_BIT)";
				CLANG_CXX_LANGUAGE_STANDARD = "gnu++0x";
				CLANG_CXX_LIBRARY = "libc++";
				CLANG_ENABLE_OBJC_ARC = YES;
				CLANG_WARN_CONSTANT_CONVERSION = YES;
				CLANG_WARN_EMPTY_BODY = YES;
				CLANG_WARN_ENUM_CONVERSION = YES;
				CLANG_WARN_INT_CONVERSION = YES;
				CLANG_WARN__DUPLICATE_METHOD_MATCH = YES;
				COPY_PHASE_STRIP = NO;
				GCC_C_LANGUAGE_STANDARD = gnu99;
				GCC_DYNAMIC_NO_PIC = NO;
				GCC_ENABLE_OBJC_EXCEPTIONS = YES;
				GCC_OPTIMIZATION_LEVEL = 0;
				GCC_PREPROCESSOR_DEFINITIONS = (
					"DEBUG=1",
					"$(inherited)",
				);
				GCC_SYMBOLS_PRIVATE_EXTERN = NO;
				GCC_WARN_64_TO_32_BIT_CONVERSION = YES;
				GCC_WARN_ABOUT_RETURN_TYPE = YES;
				GCC_WARN_UNINITIALIZED_AUTOS = YES;
				GCC_WARN_UNUSED_VARIABLE = YES;
				MACOSX_DEPLOYMENT_TARGET = 10.8;
				ONLY_ACTIVE_ARCH = NO;
				SDKROOT = macosx;
			};
			name = Debug;
		};
		E71642581799798600D71EA8 /* Release */ = {
			isa = XCBuildConfiguration;
			buildSettings = {
				ALWAYS_SEARCH_USER_PATHS = NO;
				ARCHS = "$(ARCHS_STANDARD_64_BIT)";
				CLANG_CXX_LANGUAGE_STANDARD = "gnu++0x";
				CLANG_CXX_LIBRARY = "libc++";
				CLANG_ENABLE_OBJC_ARC = YES;
				CLANG_WARN_CONSTANT_CONVERSION = YES;
				CLANG_WARN_EMPTY_BODY = YES;
				CLANG_WARN_ENUM_CONVERSION = YES;
				CLANG_WARN_INT_CONVERSION = YES;
				CLANG_WARN__DUPLICATE_METHOD_MATCH = YES;
				COPY_PHASE_STRIP = YES;
				DEBUG_INFORMATION_FORMAT = "dwarf-with-dsym";
				GCC_C_LANGUAGE_STANDARD = gnu99;
				GCC_ENABLE_OBJC_EXCEPTIONS = YES;
				GCC_WARN_64_TO_32_BIT_CONVERSION = YES;
				GCC_WARN_ABOUT_RETURN_TYPE = YES;
				GCC_WARN_UNINITIALIZED_AUTOS = YES;
				GCC_WARN_UNUSED_VARIABLE = YES;
				MACOSX_DEPLOYMENT_TARGET = 10.8;
				ONLY_ACTIVE_ARCH = YES;
				SDKROOT = macosx;
			};
			name = Release;
		};
		E716425A1799798600D71EA8 /* Debug */ = {
			isa = XCBuildConfiguration;
			buildSettings = {
				CODE_SIGN_IDENTITY = "";
				COMBINE_HIDPI_IMAGES = YES;
				GCC_PRECOMPILE_PREFIX_HEADER = YES;
				GCC_PREFIX_HEADER = "Uptime_CounterOSX/Uptime_CounterOSX-Prefix.pch";
				INFOPLIST_FILE = "Uptime_CounterOSX/Uptime_CounterOSX-Info.plist";
				ONLY_ACTIVE_ARCH = NO;
				PRODUCT_NAME = "$(TARGET_NAME)";
				WRAPPER_EXTENSION = app;
			};
			name = Debug;
		};
		E716425B1799798600D71EA8 /* Release */ = {
			isa = XCBuildConfiguration;
			buildSettings = {
				CODE_SIGN_IDENTITY = "";
				COMBINE_HIDPI_IMAGES = YES;
				GCC_PRECOMPILE_PREFIX_HEADER = YES;
				GCC_PREFIX_HEADER = "Uptime_CounterOSX/Uptime_CounterOSX-Prefix.pch";
				INFOPLIST_FILE = "Uptime_CounterOSX/Uptime_CounterOSX-Info.plist";
				ONLY_ACTIVE_ARCH = YES;
				PRODUCT_NAME = "$(TARGET_NAME)";
				WRAPPER_EXTENSION = app;
			};
			name = Release;
		};
/* End XCBuildConfiguration section */

/* Begin XCConfigurationList section */
		E71642341799798600D71EA8 /* Build configuration list for PBXProject "Uptime_CounterOSX" */ = {
			isa = XCConfigurationList;
			buildConfigurations = (
				E71642571799798600D71EA8 /* Debug */,
				E71642581799798600D71EA8 /* Release */,
			);
			defaultConfigurationIsVisible = 0;
			defaultConfigurationName = Release;
		};
		E71642591799798600D71EA8 /* Build configuration list for PBXNativeTarget "Uptime_CounterOSX" */ = {
			isa = XCConfigurationList;
			buildConfigurations = (
				E716425A1799798600D71EA8 /* Debug */,
				E716425B1799798600D71EA8 /* Release */,
			);
			defaultConfigurationIsVisible = 0;
			defaultConfigurationName = Release;
		};
/* End XCConfigurationList section */

/* Begin XCVersionGroup section */
		E71642541799798600D71EA8 /* Uptime_CounterOSX.xcdatamodeld */ = {
			isa = XCVersionGroup;
			children = (
				E71642551799798600D71EA8 /* Uptime_CounterOSX.xcdatamodel */,
			);
			currentVersion = E71642551799798600D71EA8 /* Uptime_CounterOSX.xcdatamodel */;
			path = Uptime_CounterOSX.xcdatamodeld;
			sourceTree = "<group>";
			versionGroupType = wrapper.xcdatamodel;
		};
/* End XCVersionGroup section */
	};
	rootObject = E71642311799798600D71EA8 /* Project object */;
}
